// !$*UTF8*$!
{
	archiveVersion = 1;
	classes = {
	};
	objectVersion = 51;
	objects = {

/* Begin PBXBuildFile section */
		125F5BD5265F6BF30032252F /* AppDelegate.swift in Sources */ = {isa = PBXBuildFile; fileRef = 125F5BD4265F6BF30032252F /* AppDelegate.swift */; };
		125F5BD7265F6BF30032252F /* SceneDelegate.swift in Sources */ = {isa = PBXBuildFile; fileRef = 125F5BD6265F6BF30032252F /* SceneDelegate.swift */; };
		125F5BD9265F6BF30032252F /* ViewController.swift in Sources */ = {isa = PBXBuildFile; fileRef = 125F5BD8265F6BF30032252F /* ViewController.swift */; };
		125F5BDC265F6BF30032252F /* Main.storyboard in Resources */ = {isa = PBXBuildFile; fileRef = 125F5BDA265F6BF30032252F /* Main.storyboard */; };
		125F5BDE265F6BF40032252F /* Assets.xcassets in Resources */ = {isa = PBXBuildFile; fileRef = 125F5BDD265F6BF40032252F /* Assets.xcassets */; };
		125F5BE1265F6BF40032252F /* LaunchScreen.storyboard in Resources */ = {isa = PBXBuildFile; fileRef = 125F5BDF265F6BF40032252F /* LaunchScreen.storyboard */; };
		125F5BEB265F76C70032252F /* MyTableViewCell.xib in Resources */ = {isa = PBXBuildFile; fileRef = 125F5BEA265F76C70032252F /* MyTableViewCell.xib */; };
		4B63F164523788AE15681793 /* Pods_0527_dynamicTableView.framework in Frameworks */ = {isa = PBXBuildFile; fileRef = C9FFE11D49401E19D20DCF23 /* Pods_0527_dynamicTableView.framework */; };
/* End PBXBuildFile section */

/* Begin PBXFileReference section */
		09A362BDC7BC5A1A7DF3B16F /* Pods-0527_dynamicTableView.release.xcconfig */ = {isa = PBXFileReference; includeInIndex = 1; lastKnownFileType = text.xcconfig; name = "Pods-0527_dynamicTableView.release.xcconfig"; path = "Target Support Files/Pods-0527_dynamicTableView/Pods-0527_dynamicTableView.release.xcconfig"; sourceTree = "<group>"; };
		125F5BD1265F6BF30032252F /* 0527_dynamicTableView.app */ = {isa = PBXFileReference; explicitFileType = wrapper.application; includeInIndex = 0; path = 0527_dynamicTableView.app; sourceTree = BUILT_PRODUCTS_DIR; };
		125F5BD4265F6BF30032252F /* AppDelegate.swift */ = {isa = PBXFileReference; lastKnownFileType = sourcecode.swift; path = AppDelegate.swift; sourceTree = "<group>"; };
		125F5BD6265F6BF30032252F /* SceneDelegate.swift */ = {isa = PBXFileReference; lastKnownFileType = sourcecode.swift; path = SceneDelegate.swift; sourceTree = "<group>"; };
		125F5BD8265F6BF30032252F /* ViewController.swift */ = {isa = PBXFileReference; lastKnownFileType = sourcecode.swift; path = ViewController.swift; sourceTree = "<group>"; };
		125F5BDB265F6BF30032252F /* Base */ = {isa = PBXFileReference; lastKnownFileType = file.storyboard; name = Base; path = Base.lproj/Main.storyboard; sourceTree = "<group>"; };
		125F5BDD265F6BF40032252F /* Assets.xcassets */ = {isa = PBXFileReference; lastKnownFileType = folder.assetcatalog; path = Assets.xcassets; sourceTree = "<group>"; };
		125F5BE0265F6BF40032252F /* Base */ = {isa = PBXFileReference; lastKnownFileType = file.storyboard; name = Base; path = Base.lproj/LaunchScreen.storyboard; sourceTree = "<group>"; };
		125F5BE2265F6BF40032252F /* Info.plist */ = {isa = PBXFileReference; lastKnownFileType = text.plist.xml; path = Info.plist; sourceTree = "<group>"; };
		125F5BEA265F76C70032252F /* MyTableViewCell.xib */ = {isa = PBXFileReference; lastKnownFileType = file.xib; path = MyTableViewCell.xib; sourceTree = "<group>"; };
		499D8F82E29E700CF82ECF35 /* Pods-0527_dynamicTableView.debug.xcconfig */ = {isa = PBXFileReference; includeInIndex = 1; lastKnownFileType = text.xcconfig; name = "Pods-0527_dynamicTableView.debug.xcconfig"; path = "Target Support Files/Pods-0527_dynamicTableView/Pods-0527_dynamicTableView.debug.xcconfig"; sourceTree = "<group>"; };
		C9FFE11D49401E19D20DCF23 /* Pods_0527_dynamicTableView.framework */ = {isa = PBXFileReference; explicitFileType = wrapper.framework; includeInIndex = 0; path = Pods_0527_dynamicTableView.framework; sourceTree = BUILT_PRODUCTS_DIR; };
/* End PBXFileReference section */

/* Begin PBXFrameworksBuildPhase section */
		125F5BCE265F6BF30032252F /* Frameworks */ = {
			isa = PBXFrameworksBuildPhase;
			buildActionMask = 2147483647;
			files = (
				4B63F164523788AE15681793 /* Pods_0527_dynamicTableView.framework in Frameworks */,
			);
			runOnlyForDeploymentPostprocessing = 0;
		};
/* End PBXFrameworksBuildPhase section */

/* Begin PBXGroup section */
		125F5BC8265F6BF30032252F = {
			isa = PBXGroup;
			children = (
				125F5BD3265F6BF30032252F /* 0527_dynamicTableView */,
				125F5BD2265F6BF30032252F /* Products */,
				DC1B86BF7F5D856292F3494F /* Pods */,
				1460A7BF520F307E0078BD4D /* Frameworks */,
			);
			sourceTree = "<group>";
		};
		125F5BD2265F6BF30032252F /* Products */ = {
			isa = PBXGroup;
			children = (
				125F5BD1265F6BF30032252F /* 0527_dynamicTableView.app */,
			);
			name = Products;
			sourceTree = "<group>";
		};
		125F5BD3265F6BF30032252F /* 0527_dynamicTableView */ = {
			isa = PBXGroup;
			children = (
				125F5BD4265F6BF30032252F /* AppDelegate.swift */,
				125F5BD6265F6BF30032252F /* SceneDelegate.swift */,
				125F5BD8265F6BF30032252F /* ViewController.swift */,
				125F5BDA265F6BF30032252F /* Main.storyboard */,
				125F5BDD265F6BF40032252F /* Assets.xcassets */,
				125F5BDF265F6BF40032252F /* LaunchScreen.storyboard */,
				125F5BE2265F6BF40032252F /* Info.plist */,
				125F5BEA265F76C70032252F /* MyTableViewCell.xib */,
			);
			path = 0527_dynamicTableView;
			sourceTree = "<group>";
		};
		1460A7BF520F307E0078BD4D /* Frameworks */ = {
			isa = PBXGroup;
			children = (
				C9FFE11D49401E19D20DCF23 /* Pods_0527_dynamicTableView.framework */,
			);
			name = Frameworks;
			sourceTree = "<group>";
		};
		DC1B86BF7F5D856292F3494F /* Pods */ = {
			isa = PBXGroup;
			children = (
				499D8F82E29E700CF82ECF35 /* Pods-0527_dynamicTableView.debug.xcconfig */,
				09A362BDC7BC5A1A7DF3B16F /* Pods-0527_dynamicTableView.release.xcconfig */,
			);
			path = Pods;
			sourceTree = "<group>";
		};
/* End PBXGroup section */

/* Begin PBXNativeTarget section */
		125F5BD0265F6BF30032252F /* 0527_dynamicTableView */ = {
			isa = PBXNativeTarget;
			buildConfigurationList = 125F5BE5265F6BF40032252F /* Build configuration list for PBXNativeTarget "0527_dynamicTableView" */;
			buildPhases = (
				39B502966DF278D0A5A28D93 /* [CP] Check Pods Manifest.lock */,
				125F5BCD265F6BF30032252F /* Sources */,
				125F5BCE265F6BF30032252F /* Frameworks */,
				125F5BCF265F6BF30032252F /* Resources */,
				A81861544B1FC18011CF5F6C /* [CP] Embed Pods Frameworks */,
			);
			buildRules = (
			);
			dependencies = (
			);
			name = 0527_dynamicTableView;
			productName = 0527_dynamicTableView;
			productReference = 125F5BD1265F6BF30032252F /* 0527_dynamicTableView.app */;
			productType = "com.apple.product-type.application";
		};
/* End PBXNativeTarget section */

/* Begin PBXProject section */
		125F5BC9265F6BF30032252F /* Project object */ = {
			isa = PBXProject;
			attributes = {
				LastSwiftUpdateCheck = 1240;
				LastUpgradeCheck = 1240;
				TargetAttributes = {
					125F5BD0265F6BF30032252F = {
						CreatedOnToolsVersion = 12.4;
					};
				};
			};
			buildConfigurationList = 125F5BCC265F6BF30032252F /* Build configuration list for PBXProject "0527_dynamicTableView" */;
			compatibilityVersion = "Xcode 9.3";
			developmentRegion = en;
			hasScannedForEncodings = 0;
			knownRegions = (
				en,
				Base,
			);
			mainGroup = 125F5BC8265F6BF30032252F;
			productRefGroup = 125F5BD2265F6BF30032252F /* Products */;
			projectDirPath = "";
			projectRoot = "";
			targets = (
				125F5BD0265F6BF30032252F /* 0527_dynamicTableView */,
			);
		};
/* End PBXProject section */

/* Begin PBXResourcesBuildPhase section */
		125F5BCF265F6BF30032252F /* Resources */ = {
			isa = PBXResourcesBuildPhase;
			buildActionMask = 2147483647;
			files = (
				125F5BE1265F6BF40032252F /* LaunchScreen.storyboard in Resources */,
				125F5BEB265F76C70032252F /* MyTableViewCell.xib in Resources */,
				125F5BDE265F6BF40032252F /* Assets.xcassets in Resources */,
				125F5BDC265F6BF30032252F /* Main.storyboard in Resources */,
			);
			runOnlyForDeploymentPostprocessing = 0;
		};
/* End PBXResourcesBuildPhase section */

/* Begin PBXShellScriptBuildPhase section */
		39B502966DF278D0A5A28D93 /* [CP] Check Pods Manifest.lock */ = {
			isa = PBXShellScriptBuildPhase;
			buildActionMask = 2147483647;
			files = (
			);
			inputFileListPaths = (
			);
			inputPaths = (
				"${PODS_PODFILE_DIR_PATH}/Podfile.lock",
				"${PODS_ROOT}/Manifest.lock",
			);
			name = "[CP] Check Pods Manifest.lock";
			outputFileListPaths = (
			);
			outputPaths = (
				"$(DERIVED_FILE_DIR)/Pods-0527_dynamicTableView-checkManifestLockResult.txt",
			);
			runOnlyForDeploymentPostprocessing = 0;
			shellPath = /bin/sh;
			shellScript = "diff \"${PODS_PODFILE_DIR_PATH}/Podfile.lock\" \"${PODS_ROOT}/Manifest.lock\" > /dev/null\nif [ $? != 0 ] ; then\n    # print error to STDERR\n    echo \"error: The sandbox is not in sync with the Podfile.lock. Run 'pod install' or update your CocoaPods installation.\" >&2\n    exit 1\nfi\n# This output is used by Xcode 'outputs' to avoid re-running this script phase.\necho \"SUCCESS\" > \"${SCRIPT_OUTPUT_FILE_0}\"\n";
			showEnvVarsInLog = 0;
		};
		A81861544B1FC18011CF5F6C /* [CP] Embed Pods Frameworks */ = {
			isa = PBXShellScriptBuildPhase;
			buildActionMask = 2147483647;
			files = (
			);
			inputFileListPaths = (
				"${PODS_ROOT}/Target Support Files/Pods-0527_dynamicTableView/Pods-0527_dynamicTableView-frameworks-${CONFIGURATION}-input-files.xcfilelist",
			);
			name = "[CP] Embed Pods Frameworks";
			outputFileListPaths = (
				"${PODS_ROOT}/Target Support Files/Pods-0527_dynamicTableView/Pods-0527_dynamicTableView-frameworks-${CONFIGURATION}-output-files.xcfilelist",
			);
			runOnlyForDeploymentPostprocessing = 0;
			shellPath = /bin/sh;
			shellScript = "\"${PODS_ROOT}/Target Support Files/Pods-0527_dynamicTableView/Pods-0527_dynamicTableView-frameworks.sh\"\n";
			showEnvVarsInLog = 0;
		};
/* End PBXShellScriptBuildPhase section */

/* Begin PBXSourcesBuildPhase section */
		125F5BCD265F6BF30032252F /* Sources */ = {
			isa = PBXSourcesBuildPhase;
			buildActionMask = 2147483647;
			files = (
				125F5BD9265F6BF30032252F /* ViewController.swift in Sources */,
				125F5BD5265F6BF30032252F /* AppDelegate.swift in Sources */,
				125F5BD7265F6BF30032252F /* SceneDelegate.swift in Sources */,
			);
			runOnlyForDeploymentPostprocessing = 0;
		};
/* End PBXSourcesBuildPhase section */

/* Begin PBXVariantGroup section */
		125F5BDA265F6BF30032252F /* Main.storyboard */ = {
			isa = PBXVariantGroup;
			children = (
				125F5BDB265F6BF30032252F /* Base */,
			);
			name = Main.storyboard;
			sourceTree = "<group>";
		};
		125F5BDF265F6BF40032252F /* LaunchScreen.storyboard */ = {
			isa = PBXVariantGroup;
			children = (
				125F5BE0265F6BF40032252F /* Base */,
			);
			name = LaunchScreen.storyboard;
			sourceTree = "<group>";
		};
/* End PBXVariantGroup section */

/* Begin XCBuildConfiguration section */
		125F5BE3265F6BF40032252F /* Debug */ = {
			isa = XCBuildConfiguration;
			buildSettings = {
				ALWAYS_SEARCH_USER_PATHS = NO;
				CLANG_ANALYZER_NONNULL = YES;
				CLANG_ANALYZER_NUMBER_OBJECT_CONVERSION = YES_AGGRESSIVE;
				CLANG_CXX_LANGUAGE_STANDARD = "gnu++14";
				CLANG_CXX_LIBRARY = "libc++";
				CLANG_ENABLE_MODULES = YES;
				CLANG_ENABLE_OBJC_ARC = YES;
				CLANG_ENABLE_OBJC_WEAK = YES;
				CLANG_WARN_BLOCK_CAPTURE_AUTORELEASING = YES;
				CLANG_WARN_BOOL_CONVERSION = YES;
				CLANG_WARN_COMMA = YES;
				CLANG_WARN_CONSTANT_CONVERSION = YES;
				CLANG_WARN_DEPRECATED_OBJC_IMPLEMENTATIONS = YES;
				CLANG_WARN_DIRECT_OBJC_ISA_USAGE = YES_ERROR;
				CLANG_WARN_DOCUMENTATION_COMMENTS = YES;
				CLANG_WARN_EMPTY_BODY = YES;
				CLANG_WARN_ENUM_CONVERSION = YES;
				CLANG_WARN_INFINITE_RECURSION = YES;
				CLANG_WARN_INT_CONVERSION = YES;
				CLANG_WARN_NON_LITERAL_NULL_CONVERSION = YES;
				CLANG_WARN_OBJC_IMPLICIT_RETAIN_SELF = YES;
				CLANG_WARN_OBJC_LITERAL_CONVERSION = YES;
				CLANG_WARN_OBJC_ROOT_CLASS = YES_ERROR;
				CLANG_WARN_QUOTED_INCLUDE_IN_FRAMEWORK_HEADER = YES;
				CLANG_WARN_RANGE_LOOP_ANALYSIS = YES;
				CLANG_WARN_STRICT_PROTOTYPES = YES;
				CLANG_WARN_SUSPICIOUS_MOVE = YES;
				CLANG_WARN_UNGUARDED_AVAILABILITY = YES_AGGRESSIVE;
				CLANG_WARN_UNREACHABLE_CODE = YES;
				CLANG_WARN__DUPLICATE_METHOD_MATCH = YES;
				COPY_PHASE_STRIP = NO;
				DEBUG_INFORMATION_FORMAT = dwarf;
				ENABLE_STRICT_OBJC_MSGSEND = YES;
				ENABLE_TESTABILITY = YES;
				GCC_C_LANGUAGE_STANDARD = gnu11;
				GCC_DYNAMIC_NO_PIC = NO;
				GCC_NO_COMMON_BLOCKS = YES;
				GCC_OPTIMIZATION_LEVEL = 0;
				GCC_PREPROCESSOR_DEFINITIONS = (
					"DEBUG=1",
					"$(inherited)",
				);
				GCC_WARN_64_TO_32_BIT_CONVERSION = YES;
				GCC_WARN_ABOUT_RETURN_TYPE = YES_ERROR;
				GCC_WARN_UNDECLARED_SELECTOR = YES;
				GCC_WARN_UNINITIALIZED_AUTOS = YES_AGGRESSIVE;
				GCC_WARN_UNUSED_FUNCTION = YES;
				GCC_WARN_UNUSED_VARIABLE = YES;
				IPHONEOS_DEPLOYMENT_TARGET = 14.4;
				MTL_ENABLE_DEBUG_INFO = INCLUDE_SOURCE;
				MTL_FAST_MATH = YES;
				ONLY_ACTIVE_ARCH = YES;
				SDKROOT = iphoneos;
				SWIFT_ACTIVE_COMPILATION_CONDITIONS = DEBUG;
				SWIFT_OPTIMIZATION_LEVEL = "-Onone";
			};
			name = Debug;
		};
		125F5BE4265F6BF40032252F /* Release */ = {
			isa = XCBuildConfiguration;
			buildSettings = {
				ALWAYS_SEARCH_USER_PATHS = NO;
				CLANG_ANALYZER_NONNULL = YES;
				CLANG_ANALYZER_NUMBER_OBJECT_CONVERSION = YES_AGGRESSIVE;
				CLANG_CXX_LANGUAGE_STANDARD = "gnu++14";
				CLANG_CXX_LIBRARY = "libc++";
				CLANG_ENABLE_MODULES = YES;
				CLANG_ENABLE_OBJC_ARC = YES;
				CLANG_ENABLE_OBJC_WEAK = YES;
				CLANG_WARN_BLOCK_CAPTURE_AUTORELEASING = YES;
				CLANG_WARN_BOOL_CONVERSION = YES;
				CLANG_WARN_COMMA = YES;
				CLANG_WARN_CONSTANT_CONVERSION = YES;
				CLANG_WARN_DEPRECATED_OBJC_IMPLEMENTATIONS = YES;
				CLANG_WARN_DIRECT_OBJC_ISA_USAGE = YES_ERROR;
				CLANG_WARN_DOCUMENTATION_COMMENTS = YES;
				CLANG_WARN_EMPTY_BODY = YES;
				CLANG_WARN_ENUM_CONVERSION = YES;
				CLANG_WARN_INFINITE_RECURSION = YES;
				CLANG_WARN_INT_CONVERSION = YES;
				CLANG_WARN_NON_LITERAL_NULL_CONVERSION = YES;
				CLANG_WARN_OBJC_IMPLICIT_RETAIN_SELF = YES;
				CLANG_WARN_OBJC_LITERAL_CONVERSION = YES;
				CLANG_WARN_OBJC_ROOT_CLASS = YES_ERROR;
				CLANG_WARN_QUOTED_INCLUDE_IN_FRAMEWORK_HEADER = YES;
				CLANG_WARN_RANGE_LOOP_ANALYSIS = YES;
				CLANG_WARN_STRICT_PROTOTYPES = YES;
				CLANG_WARN_SUSPICIOUS_MOVE = YES;
				CLANG_WARN_UNGUARDED_AVAILABILITY = YES_AGGRESSIVE;
				CLANG_WARN_UNREACHABLE_CODE = YES;
				CLANG_WARN__DUPLICATE_METHOD_MATCH = YES;
				COPY_PHASE_STRIP = NO;
				DEBUG_INFORMATION_FORMAT = "dwarf-with-dsym";
				ENABLE_NS_ASSERTIONS = NO;
				ENABLE_STRICT_OBJC_MSGSEND = YES;
				GCC_C_LANGUAGE_STANDARD = gnu11;
				GCC_NO_COMMON_BLOCKS = YES;
				GCC_WARN_64_TO_32_BIT_CONVERSION = YES;
				GCC_WARN_ABOUT_RETURN_TYPE = YES_ERROR;
				GCC_WARN_UNDECLARED_SELECTOR = YES;
				GCC_WARN_UNINITIALIZED_AUTOS = YES_AGGRESSIVE;
				GCC_WARN_UNUSED_FUNCTION = YES;
				GCC_WARN_UNUSED_VARIABLE = YES;
				IPHONEOS_DEPLOYMENT_TARGET = 14.4;
				MTL_ENABLE_DEBUG_INFO = NO;
				MTL_FAST_MATH = YES;
				SDKROOT = iphoneos;
				SWIFT_COMPILATION_MODE = wholemodule;
				SWIFT_OPTIMIZATION_LEVEL = "-O";
				VALIDATE_PRODUCT = YES;
			};
			name = Release;
		};
		125F5BE6265F6BF40032252F /* Debug */ = {
			isa = XCBuildConfiguration;
			baseConfigurationReference = 499D8F82E29E700CF82ECF35 /* Pods-0527_dynamicTableView.debug.xcconfig */;
			buildSettings = {
				ASSETCATALOG_COMPILER_APPICON_NAME = AppIcon;
				ASSETCATALOG_COMPILER_GLOBAL_ACCENT_COLOR_NAME = AccentColor;
				CODE_SIGN_STYLE = Automatic;
				INFOPLIST_FILE = 0527_dynamicTableView/Info.plist;
				LD_RUNPATH_SEARCH_PATHS = (
					"$(inherited)",
					"@executable_path/Frameworks",
				);
				PRODUCT_BUNDLE_IDENTIFIER = "son.-527-dynamicTableView";
				PRODUCT_NAME = "$(TARGET_NAME)";
				SWIFT_VERSION = 5.0;
				TARGETED_DEVICE_FAMILY = "1,2";
			};
			name = Debug;
		};
		125F5BE7265F6BF40032252F /* Release */ = {
			isa = XCBuildConfiguration;
			baseConfigurationReference = 09A362BDC7BC5A1A7DF3B16F /* Pods-0527_dynamicTableView.release.xcconfig */;
			buildSettings = {
				ASSETCATALOG_COMPILER_APPICON_NAME = AppIcon;
				ASSETCATALOG_COMPILER_GLOBAL_ACCENT_COLOR_NAME = AccentColor;
				CODE_SIGN_STYLE = Automatic;
				INFOPLIST_FILE = 0527_dynamicTableView/Info.plist;
				LD_RUNPATH_SEARCH_PATHS = (
					"$(inherited)",
					"@executable_path/Frameworks",
				);
				PRODUCT_BUNDLE_IDENTIFIER = "son.-527-dynamicTableView";
				PRODUCT_NAME = "$(TARGET_NAME)";
				SWIFT_VERSION = 5.0;
				TARGETED_DEVICE_FAMILY = "1,2";
			};
			name = Release;
		};
/* End XCBuildConfiguration section */

/* Begin XCConfigurationList section */
		125F5BCC265F6BF30032252F /* Build configuration list for PBXProject "0527_dynamicTableView" */ = {
			isa = XCConfigurationList;
			buildConfigurations = (
				125F5BE3265F6BF40032252F /* Debug */,
				125F5BE4265F6BF40032252F /* Release */,
			);
			defaultConfigurationIsVisible = 0;
			defaultConfigurationName = Release;
		};
		125F5BE5265F6BF40032252F /* Build configuration list for PBXNativeTarget "0527_dynamicTableView" */ = {
			isa = XCConfigurationList;
			buildConfigurations = (
				125F5BE6265F6BF40032252F /* Debug */,
				125F5BE7265F6BF40032252F /* Release */,
			);
			defaultConfigurationIsVisible = 0;
			defaultConfigurationName = Release;
		};
/* End XCConfigurationList section */
	};
	rootObject = 125F5BC9265F6BF30032252F /* Project object */;
}
